
Microsoft Visual Studio Solution File, Format Version 12.00
# Visual Studio Version 17
VisualStudioVersion = 17.14.37012.4 d17.14
MinimumVisualStudioVersion = 10.0.40219.1
Project("{FAE04EC0-301F-11D3-BF4B-00C04F79EFBC}") = "GuessTheNumber", "GuessTheNumber.csproj", "{F150F0BA-A8C6-4EDB-947D-A80BBDFC4C09}"
EndProject
Global
	GlobalSection(SolutionConfigurationPlatforms) = preSolution
		Debug|Any CPU = Debug|Any CPU
		Release|Any CPU = Release|Any CPU
	EndGlobalSection
	GlobalSection(ProjectConfigurationPlatforms) = postSolution
		{F150F0BA-A8C6-4EDB-947D-A80BBDFC4C09}.Debug|Any CPU.ActiveCfg = Debug|Any CPU
		{F150F0BA-A8C6-4EDB-947D-A80BBDFC4C09}.Debug|Any CPU.Build.0 = Debug|Any CPU
		{F150F0BA-A8C6-4EDB-947D-A80BBDFC4C09}.Release|Any CPU.ActiveCfg = Release|Any CPU
		{F150F0BA-A8C6-4EDB-947D-A80BBDFC4C09}.Release|Any CPU.Build.0 = Release|Any CPU
	EndGlobalSection
	GlobalSection(SolutionProperties) = preSolution
		HideSolutionNode = FALSE
	EndGlobalSection
	GlobalSection(ExtensibilityGlobals) = postSolution
		SolutionGuid = {683A36A5-AF4A-4350-8DF8-332C7F41564C}
	EndGlobalSection
EndGlobal
